
Microsoft Visual Studio Solution File, Format Version 12.00
# Visual Studio Version 16
VisualStudioVersion = 16.0.29025.244
MinimumVisualStudioVersion = 10.0.40219.1
Project("{FAE04EC0-301F-11D3-BF4B-00C04F79EFBC}") = "WPF_CaliburnMicro", "WPF_CaliburnMicro\WPF_CaliburnMicro.csproj", "{E01357F9-692C-43F7-9389-380B7CC69489}"
EndProject
Project("{2150E333-8FDC-42A3-9474-1A3956D46DE8}") = "Solution Items", "Solution Items", "{1BF6262D-4104-4294-9F3C-BF696B3C827C}"
	ProjectSection(SolutionItems) = preProject
		.editorconfig = .editorconfig
	EndProjectSection
EndProject
Project("{FAE04EC0-301F-11D3-BF4B-00C04F79EFBC}") = "WPF_CaliburnMicro.Views", "WPF_CaliburnMicro.Views\WPF_CaliburnMicro.Views.csproj", "{EAE2A393-761B-405E-81EC-33C7FCDEA339}"
EndProject
Project("{FAE04EC0-301F-11D3-BF4B-00C04F79EFBC}") = "WPF_CaliburnMicro.ViewModels", "WPF_CaliburnMicro.ViewModel\WPF_CaliburnMicro.ViewModels.csproj", "{F43EF41D-8AE1-49C1-B614-D7B007955758}"
EndProject
Global
	GlobalSection(SolutionConfigurationPlatforms) = preSolution
		Debug|Any CPU = Debug|Any CPU
		Release|Any CPU = Release|Any CPU
	EndGlobalSection
	GlobalSection(ProjectConfigurationPlatforms) = postSolution
		{E01357F9-692C-43F7-9389-380B7CC69489}.Debug|Any CPU.ActiveCfg = Debug|Any CPU
		{E01357F9-692C-43F7-9389-380B7CC69489}.Debug|Any CPU.Build.0 = Debug|Any CPU
		{E01357F9-692C-43F7-9389-380B7CC69489}.Release|Any CPU.ActiveCfg = Release|Any CPU
		{E01357F9-692C-43F7-9389-380B7CC69489}.Release|Any CPU.Build.0 = Release|Any CPU
		{EAE2A393-761B-405E-81EC-33C7FCDEA339}.Debug|Any CPU.ActiveCfg = Debug|Any CPU
		{EAE2A393-761B-405E-81EC-33C7FCDEA339}.Debug|Any CPU.Build.0 = Debug|Any CPU
		{EAE2A393-761B-405E-81EC-33C7FCDEA339}.Release|Any CPU.ActiveCfg = Release|Any CPU
		{EAE2A393-761B-405E-81EC-33C7FCDEA339}.Release|Any CPU.Build.0 = Release|Any CPU
		{F43EF41D-8AE1-49C1-B614-D7B007955758}.Debug|Any CPU.ActiveCfg = Debug|Any CPU
		{F43EF41D-8AE1-49C1-B614-D7B007955758}.Debug|Any CPU.Build.0 = Debug|Any CPU
		{F43EF41D-8AE1-49C1-B614-D7B007955758}.Release|Any CPU.ActiveCfg = Release|Any CPU
		{F43EF41D-8AE1-49C1-B614-D7B007955758}.Release|Any CPU.Build.0 = Release|Any CPU
	EndGlobalSection
	GlobalSection(SolutionProperties) = preSolution
		HideSolutionNode = FALSE
	EndGlobalSection
	GlobalSection(ExtensibilityGlobals) = postSolution
		SolutionGuid = {092F7E12-D61F-42FF-B9CF-D295E5E23716}
	EndGlobalSection
EndGlobal
